
Microsoft Visual Studio Solution File, Format Version 12.00
# Visual Studio Version 16
VisualStudioVersion = 16.0.32413.511
MinimumVisualStudioVersion = 10.0.40219.1
Project("{FAE04EC0-301F-11D3-BF4B-00C04F79EFBC}") = "Day_30_TDD_Problem", "Day_30_TDD_Problem\Day_30_TDD_Problem.csproj", "{56C51EAC-68BC-4A16-9C87-C5EB4391AEDE}"
EndProject
Project("{FAE04EC0-301F-11D3-BF4B-00C04F79EFBC}") = "TesingOnPracticeProblem", "TesingOnPracticeProblem\TesingOnPracticeProblem.csproj", "{EF4F6135-4BE3-49A3-807B-B3BFFA496052}"
EndProject
Global
	GlobalSection(SolutionConfigurationPlatforms) = preSolution
		Debug|Any CPU = Debug|Any CPU
		Release|Any CPU = Release|Any CPU
	EndGlobalSection
	GlobalSection(ProjectConfigurationPlatforms) = postSolution
		{56C51EAC-68BC-4A16-9C87-C5EB4391AEDE}.Debug|Any CPU.ActiveCfg = Debug|Any CPU
		{56C51EAC-68BC-4A16-9C87-C5EB4391AEDE}.Debug|Any CPU.Build.0 = Debug|Any CPU
		{56C51EAC-68BC-4A16-9C87-C5EB4391AEDE}.Release|Any CPU.ActiveCfg = Release|Any CPU
		{56C51EAC-68BC-4A16-9C87-C5EB4391AEDE}.Release|Any CPU.Build.0 = Release|Any CPU
		{EF4F6135-4BE3-49A3-807B-B3BFFA496052}.Debug|Any CPU.ActiveCfg = Debug|Any CPU
		{EF4F6135-4BE3-49A3-807B-B3BFFA496052}.Debug|Any CPU.Build.0 = Debug|Any CPU
		{EF4F6135-4BE3-49A3-807B-B3BFFA496052}.Release|Any CPU.ActiveCfg = Release|Any CPU
		{EF4F6135-4BE3-49A3-807B-B3BFFA496052}.Release|Any CPU.Build.0 = Release|Any CPU
	EndGlobalSection
	GlobalSection(SolutionProperties) = preSolution
		HideSolutionNode = FALSE
	EndGlobalSection
	GlobalSection(ExtensibilityGlobals) = postSolution
		SolutionGuid = {8A54A3EE-ED77-487A-A5EC-AB6B003368A5}
	EndGlobalSection
EndGlobal
